# This file is automatically @generated by Cargo.
# It is not intended for manual editing.
version = 4

[[package]]
name = "ql-adapters"
version = "0.1.0"
dependencies = [
 "ql-core",
 "ql-mef",
 "ql-semantic",
 "ql-service",
]

[[package]]
name = "ql-core"
version = "0.1.0"

[[package]]
name = "ql-mef"
version = "0.1.0"
dependencies = [
 "ql-core",
]

[[package]]
name = "ql-semantic"
version = "0.1.0"
dependencies = [
 "ql-core",
 "ql-mef",
]

[[package]]
name = "ql-service"
version = "0.1.0"
dependencies = [
 "ql-core",
 "ql-mef",
 "ql-semantic",
]
