name: Pre-K8 full-field planning lock

on:
  pull_request:
    paths:
      - 'docs/KERNEL-REBUILD-WAYFINDER.md'
      - 'docs/kernel-rebuild/**'
      - 'docs/integrations/epi-logos/**'
      - 'scripts/check-pre-k8-lock.py'
      - '.github/workflows/pre-k8-lock.yml'
  push:
    branches: [main]
    paths:
      - 'docs/KERNEL-REBUILD-WAYFINDER.md'
      - 'docs/kernel-rebuild/**'
      - 'docs/integrations/epi-logos/**'
      - 'scripts/check-pre-k8-lock.py'
      - '.github/workflows/pre-k8-lock.yml'
  workflow_dispatch:

permissions:
  contents: read

jobs:
  pre-k8-full-field-lock:
    runs-on: ubuntu-latest
    steps:
      - uses: actions/checkout@v4
      - name: Verify complete planning coverage and rejection of invalid mutations
        run: python3 scripts/check-pre-k8-lock.py --self-test
